
Microsoft Visual Studio Solution File, Format Version 12.00
# Visual Studio Version 17
VisualStudioVersion = 17.0.32112.339
MinimumVisualStudioVersion = 10.0.40219.1
Project("{9A19103F-16F7-4668-BE54-9A1E7A4F7556}") = "Authorization.Basics", "AuthBasics\Authorization.Basics\Authorization.Basics.csproj", "{B95BD200-8DF2-4047-BCF5-EE10B6E92497}"
EndProject
Project("{FAE04EC0-301F-11D3-BF4B-00C04F79EFBC}") = "Authorization.Roles", "AuthBasics\Authorization.Roles\Authorization.Roles.csproj", "{84213432-1599-41C3-A1B2-60FC8B4C7CE7}"
EndProject
Global
	GlobalSection(SolutionConfigurationPlatforms) = preSolution
		Debug|Any CPU = Debug|Any CPU
		Release|Any CPU = Release|Any CPU
	EndGlobalSection
	GlobalSection(ProjectConfigurationPlatforms) = postSolution
		{B95BD200-8DF2-4047-BCF5-EE10B6E92497}.Debug|Any CPU.ActiveCfg = Debug|Any CPU
		{B95BD200-8DF2-4047-BCF5-EE10B6E92497}.Debug|Any CPU.Build.0 = Debug|Any CPU
		{B95BD200-8DF2-4047-BCF5-EE10B6E92497}.Release|Any CPU.ActiveCfg = Release|Any CPU
		{B95BD200-8DF2-4047-BCF5-EE10B6E92497}.Release|Any CPU.Build.0 = Release|Any CPU
		{84213432-1599-41C3-A1B2-60FC8B4C7CE7}.Debug|Any CPU.ActiveCfg = Debug|Any CPU
		{84213432-1599-41C3-A1B2-60FC8B4C7CE7}.Debug|Any CPU.Build.0 = Debug|Any CPU
		{84213432-1599-41C3-A1B2-60FC8B4C7CE7}.Release|Any CPU.ActiveCfg = Release|Any CPU
		{84213432-1599-41C3-A1B2-60FC8B4C7CE7}.Release|Any CPU.Build.0 = Release|Any CPU
	EndGlobalSection
	GlobalSection(SolutionProperties) = preSolution
		HideSolutionNode = FALSE
	EndGlobalSection
	GlobalSection(ExtensibilityGlobals) = postSolution
		SolutionGuid = {D1C9EB8B-4727-4C9D-9A03-2B160C017B42}
	EndGlobalSection
EndGlobal
