
Microsoft Visual Studio Solution File, Format Version 12.00
# Visual Studio Version 17
VisualStudioVersion = 17.0.32112.339
MinimumVisualStudioVersion = 10.0.40219.1
Project("{9A19103F-16F7-4668-BE54-9A1E7A4F7556}") = "AuthIS4.OrdersApi", "AuthIS4\AuthIS4.OrdersApi\AuthIS4.OrdersApi.csproj", "{0C1E88F6-22CD-45A1-98A3-D370CD63A9A2}"
EndProject
Project("{9A19103F-16F7-4668-BE54-9A1E7A4F7556}") = "AuthIS4.UsersApi", "AuthIS4\AuthIS4.UsersApi\AuthIS4.UsersApi.csproj", "{E5599425-006A-4ABD-914E-EFE691342600}"
EndProject
Project("{9A19103F-16F7-4668-BE54-9A1E7A4F7556}") = "AuthIS4_Core3_1.IdentityServer4Service", "AuthIS4\AuthIS4_Core3_1.IdentityServer4Service\AuthIS4_Core3_1.IdentityServer4Service.csproj", "{1B401E7A-12D6-42B6-91DA-BF295A411A23}"
EndProject
Project("{FAE04EC0-301F-11D3-BF4B-00C04F79EFBC}") = "AuthIS4.ClientMVC", "AuthIS4\AuthIS4.ClientMVC\AuthIS4.ClientMVC.csproj", "{B3CC81F1-AA13-4BCC-A6C6-363DFA5FDEC1}"
EndProject
Project("{9A19103F-16F7-4668-BE54-9A1E7A4F7556}") = "AuthIS4.JsClient", "AuthIS4\AuthIS4.JsClient\AuthIS4.JsClient.csproj", "{0BCA2AB8-4CC0-4D40-98D8-686FAC525043}"
EndProject
Global
	GlobalSection(SolutionConfigurationPlatforms) = preSolution
		Debug|Any CPU = Debug|Any CPU
		Release|Any CPU = Release|Any CPU
	EndGlobalSection
	GlobalSection(ProjectConfigurationPlatforms) = postSolution
		{0C1E88F6-22CD-45A1-98A3-D370CD63A9A2}.Debug|Any CPU.ActiveCfg = Debug|Any CPU
		{0C1E88F6-22CD-45A1-98A3-D370CD63A9A2}.Debug|Any CPU.Build.0 = Debug|Any CPU
		{0C1E88F6-22CD-45A1-98A3-D370CD63A9A2}.Release|Any CPU.ActiveCfg = Release|Any CPU
		{0C1E88F6-22CD-45A1-98A3-D370CD63A9A2}.Release|Any CPU.Build.0 = Release|Any CPU
		{E5599425-006A-4ABD-914E-EFE691342600}.Debug|Any CPU.ActiveCfg = Debug|Any CPU
		{E5599425-006A-4ABD-914E-EFE691342600}.Debug|Any CPU.Build.0 = Debug|Any CPU
		{E5599425-006A-4ABD-914E-EFE691342600}.Release|Any CPU.ActiveCfg = Release|Any CPU
		{E5599425-006A-4ABD-914E-EFE691342600}.Release|Any CPU.Build.0 = Release|Any CPU
		{1B401E7A-12D6-42B6-91DA-BF295A411A23}.Debug|Any CPU.ActiveCfg = Debug|Any CPU
		{1B401E7A-12D6-42B6-91DA-BF295A411A23}.Debug|Any CPU.Build.0 = Debug|Any CPU
		{1B401E7A-12D6-42B6-91DA-BF295A411A23}.Release|Any CPU.ActiveCfg = Release|Any CPU
		{1B401E7A-12D6-42B6-91DA-BF295A411A23}.Release|Any CPU.Build.0 = Release|Any CPU
		{B3CC81F1-AA13-4BCC-A6C6-363DFA5FDEC1}.Debug|Any CPU.ActiveCfg = Debug|Any CPU
		{B3CC81F1-AA13-4BCC-A6C6-363DFA5FDEC1}.Debug|Any CPU.Build.0 = Debug|Any CPU
		{B3CC81F1-AA13-4BCC-A6C6-363DFA5FDEC1}.Release|Any CPU.ActiveCfg = Release|Any CPU
		{B3CC81F1-AA13-4BCC-A6C6-363DFA5FDEC1}.Release|Any CPU.Build.0 = Release|Any CPU
		{0BCA2AB8-4CC0-4D40-98D8-686FAC525043}.Debug|Any CPU.ActiveCfg = Debug|Any CPU
		{0BCA2AB8-4CC0-4D40-98D8-686FAC525043}.Debug|Any CPU.Build.0 = Debug|Any CPU
		{0BCA2AB8-4CC0-4D40-98D8-686FAC525043}.Release|Any CPU.ActiveCfg = Release|Any CPU
		{0BCA2AB8-4CC0-4D40-98D8-686FAC525043}.Release|Any CPU.Build.0 = Release|Any CPU
	EndGlobalSection
	GlobalSection(SolutionProperties) = preSolution
		HideSolutionNode = FALSE
	EndGlobalSection
	GlobalSection(ExtensibilityGlobals) = postSolution
		SolutionGuid = {59806b2e-4f5d-4f79-bc1f-62833490c9ec}
	EndGlobalSection
EndGlobal
